// !$*UTF8*$!
{
	archiveVersion = 1;
	classes = {
	};
	objectVersion = 45;
	objects = {

/* Begin PBXBuildFile section */
		1D60589F0D05DD5A006BFB54 /* Foundation.framework in Frameworks */ = {isa = PBXBuildFile; fileRef = 1D30AB110D05D00D00671497 /* Foundation.framework */; };
		1DF5F4E00D08C38300B7A737 /* UIKit.framework in Frameworks */ = {isa = PBXBuildFile; fileRef = 1DF5F4DF0D08C38300B7A737 /* UIKit.framework */; };
		288765FD0DF74451002DB57D /* CoreGraphics.framework in Frameworks */ = {isa = PBXBuildFile; fileRef = 288765FC0DF74451002DB57D /* CoreGraphics.framework */; };
		3B025938115F9EF7003382D1 /* CoreAudio.framework in Frameworks */ = {isa = PBXBuildFile; fileRef = 3B025937115F9EF7003382D1 /* CoreAudio.framework */; };
		3B02593D115F9F19003382D1 /* AVFoundation.framework in Frameworks */ = {isa = PBXBuildFile; fileRef = 3B02593C115F9F19003382D1 /* AVFoundation.framework */; };
		3B025AA0115FB553003382D1 /* MobileCoreServices.framework in Frameworks */ = {isa = PBXBuildFile; fileRef = 3B025A9F115FB553003382D1 /* MobileCoreServices.framework */; };
		3B025AA4115FB562003382D1 /* CFNetwork.framework in Frameworks */ = {isa = PBXBuildFile; fileRef = 3B025AA3115FB562003382D1 /* CFNetwork.framework */; };
		3B025ABB115FB60C003382D1 /* SystemConfiguration.framework in Frameworks */ = {isa = PBXBuildFile; fileRef = 3B025ABA115FB60C003382D1 /* SystemConfiguration.framework */; };
		3B025ABD115FB61C003382D1 /* libz.dylib in Frameworks */ = {isa = PBXBuildFile; fileRef = 3B025ABC115FB61C003382D1 /* libz.dylib */; };
		3B1FEED711629A03000BE79F /* ASIAuthenticationDialog.m in Sources */ = {isa = PBXBuildFile; fileRef = 3B1FEECB11629A03000BE79F /* ASIAuthenticationDialog.m */; };
		3B1FEED811629A03000BE79F /* ASIFormDataRequest.m in Sources */ = {isa = PBXBuildFile; fileRef = 3B1FEECD11629A03000BE79F /* ASIFormDataRequest.m */; };
		3B1FEED911629A03000BE79F /* ASIHTTPRequest.m in Sources */ = {isa = PBXBuildFile; fileRef = 3B1FEECF11629A03000BE79F /* ASIHTTPRequest.m */; };
		3B1FEEDA11629A03000BE79F /* ASIInputStream.m in Sources */ = {isa = PBXBuildFile; fileRef = 3B1FEED211629A03000BE79F /* ASIInputStream.m */; };
		3B1FEEDB11629A03000BE79F /* ASINetworkQueue.m in Sources */ = {isa = PBXBuildFile; fileRef = 3B1FEED411629A03000BE79F /* ASINetworkQueue.m */; };
		3B1FEEDC11629A03000BE79F /* ASINSStringAdditions.m in Sources */ = {isa = PBXBuildFile; fileRef = 3B1FEED611629A03000BE79F /* ASINSStringAdditions.m */; };
		3B1FEEF111629AB3000BE79F /* AudioFeedback.m in Sources */ = {isa = PBXBuildFile; fileRef = 3B1FEEE311629AB3000BE79F /* AudioFeedback.m */; };
		3B1FEEF211629AB3000BE79F /* AudioStreamer.m in Sources */ = {isa = PBXBuildFile; fileRef = 3B1FEEE511629AB3000BE79F /* AudioStreamer.m */; };
		3B1FEEF311629AB3000BE79F /* Gesture.m in Sources */ = {isa = PBXBuildFile; fileRef = 3B1FEEE711629AB3000BE79F /* Gesture.m */; };
		3B1FEEF411629AB3000BE79F /* Gestures.m in Sources */ = {isa = PBXBuildFile; fileRef = 3B1FEEE911629AB3000BE79F /* Gestures.m */; };
		3B1FEEF511629AB3000BE79F /* HCIPlayerAppDelegate.m in Sources */ = {isa = PBXBuildFile; fileRef = 3B1FEEEB11629AB3000BE79F /* HCIPlayerAppDelegate.m */; };
		3B1FEEF611629AB3000BE79F /* main.m in Sources */ = {isa = PBXBuildFile; fileRef = 3B1FEEEC11629AB3000BE79F /* main.m */; };
		3B1FEEF711629AB3000BE79F /* MainViewController.m in Sources */ = {isa = PBXBuildFile; fileRef = 3B1FEEEE11629AB3000BE79F /* MainViewController.m */; };
		3B1FEEF811629AB3000BE79F /* VoiceRecognizer.m in Sources */ = {isa = PBXBuildFile; fileRef = 3B1FEEF011629AB3000BE79F /* VoiceRecognizer.m */; };
		3B1FEEFF11629AF9000BE79F /* icon.png in Resources */ = {isa = PBXBuildFile; fileRef = 3B1FEEFA11629AF9000BE79F /* icon.png */; };
		3B36D884115E3D5C0082B361 /* AudioToolbox.framework in Frameworks */ = {isa = PBXBuildFile; fileRef = 3B36D883115E3D5C0082B361 /* AudioToolbox.framework */; };
		3B36DB3F115E4AD70082B361 /* QuartzCore.framework in Frameworks */ = {isa = PBXBuildFile; fileRef = 3B36DB3E115E4AD70082B361 /* QuartzCore.framework */; };
		3B36DB43115E4AE80082B361 /* CFNetwork.framework in Frameworks */ = {isa = PBXBuildFile; fileRef = 3B36DB42115E4AE80082B361 /* CFNetwork.framework */; };
		3B4904DA11635091002EAC6C /* AudioController.m in Sources */ = {isa = PBXBuildFile; fileRef = 3B4904D911635091002EAC6C /* AudioController.m */; };
		3B56EA701165A61000EDBC51 /* MainView.xib in Resources */ = {isa = PBXBuildFile; fileRef = 3B56EA6F1165A61000EDBC51 /* MainView.xib */; };
		3B56EAAD1165AE1800EDBC51 /* MainViewController.xib in Resources */ = {isa = PBXBuildFile; fileRef = 3B56EAAC1165AE1800EDBC51 /* MainViewController.xib */; };
		3B72D9431164FFF400EC81C5 /* Celestial.framework in Frameworks */ = {isa = PBXBuildFile; fileRef = 3B72D9421164FFF400EC81C5 /* Celestial.framework */; };
		3B72DAF911651CE900EC81C5 /* CoreTelephony.framework in Frameworks */ = {isa = PBXBuildFile; fileRef = 3B72DAF811651CE900EC81C5 /* CoreTelephony.framework */; };
		3BAC9E5A115B1D84007B37DD /* MediaPlayer.framework in Frameworks */ = {isa = PBXBuildFile; fileRef = 3BAC9E59115B1D84007B37DD /* MediaPlayer.framework */; };
		3BF73ED5116397DF00DE2BC5 /* Reachability.m in Sources */ = {isa = PBXBuildFile; fileRef = 3BF73ED4116397DF00DE2BC5 /* Reachability.m */; };
		3BF73EF7116397DF00DE2BC5 /* Images in Resources */ = {isa = PBXBuildFile; fileRef = 3BF73EF2116397DF00DE2BC5 /* Images */; };
		3BF73EFA116397DF00DE2BC5 /* Speech in Resources */ = {isa = PBXBuildFile; fileRef = 3BF73EF8116397DF00DE2BC5 /* Speech */; };
		3BFDDA241163FDC100BFF4D0 /* Settings.bundle in Resources */ = {isa = PBXBuildFile; fileRef = 3BFDDA231163FDC100BFF4D0 /* Settings.bundle */; };
/* End PBXBuildFile section */

/* Begin PBXFileReference section */
		1D30AB110D05D00D00671497 /* Foundation.framework */ = {isa = PBXFileReference; lastKnownFileType = wrapper.framework; name = Foundation.framework; path = System/Library/Frameworks/Foundation.framework; sourceTree = SDKROOT; };
		1D6058910D05DD3D006BFB54 /* HCIPlayer.app */ = {isa = PBXFileReference; explicitFileType = wrapper.application; includeInIndex = 0; path = HCIPlayer.app; sourceTree = BUILT_PRODUCTS_DIR; };
		1DF5F4DF0D08C38300B7A737 /* UIKit.framework */ = {isa = PBXFileReference; lastKnownFileType = wrapper.framework; name = UIKit.framework; path = System/Library/Frameworks/UIKit.framework; sourceTree = SDKROOT; };
		288765FC0DF74451002DB57D /* CoreGraphics.framework */ = {isa = PBXFileReference; lastKnownFileType = wrapper.framework; name = CoreGraphics.framework; path = System/Library/Frameworks/CoreGraphics.framework; sourceTree = SDKROOT; };
		3B025937115F9EF7003382D1 /* CoreAudio.framework */ = {isa = PBXFileReference; lastKnownFileType = wrapper.framework; name = CoreAudio.framework; path = System/Library/Frameworks/CoreAudio.framework; sourceTree = SDKROOT; };
		3B02593C115F9F19003382D1 /* AVFoundation.framework */ = {isa = PBXFileReference; lastKnownFileType = wrapper.framework; name = AVFoundation.framework; path = System/Library/Frameworks/AVFoundation.framework; sourceTree = SDKROOT; };
		3B025A9F115FB553003382D1 /* MobileCoreServices.framework */ = {isa = PBXFileReference; lastKnownFileType = wrapper.framework; name = MobileCoreServices.framework; path = System/Library/Frameworks/MobileCoreServices.framework; sourceTree = SDKROOT; };
		3B025AA3115FB562003382D1 /* CFNetwork.framework */ = {isa = PBXFileReference; lastKnownFileType = wrapper.framework; name = CFNetwork.framework; path = System/Library/Frameworks/CFNetwork.framework; sourceTree = SDKROOT; };
		3B025ABA115FB60C003382D1 /* SystemConfiguration.framework */ = {isa = PBXFileReference; lastKnownFileType = wrapper.framework; name = SystemConfiguration.framework; path = System/Library/Frameworks/SystemConfiguration.framework; sourceTree = SDKROOT; };
		3B025ABC115FB61C003382D1 /* libz.dylib */ = {isa = PBXFileReference; lastKnownFileType = "compiled.mach-o.dylib"; name = libz.dylib; path = usr/lib/libz.dylib; sourceTree = SDKROOT; };
		3B1FEECA11629A03000BE79F /* ASIAuthenticationDialog.h */ = {isa = PBXFileReference; fileEncoding = 4; lastKnownFileType = sourcecode.c.h; path = ASIAuthenticationDialog.h; sourceTree = "<group>"; };
		3B1FEECB11629A03000BE79F /* ASIAuthenticationDialog.m */ = {isa = PBXFileReference; fileEncoding = 4; lastKnownFileType = sourcecode.c.objc; path = ASIAuthenticationDialog.m; sourceTree = "<group>"; };
		3B1FEECC11629A03000BE79F /* ASIFormDataRequest.h */ = {isa = PBXFileReference; fileEncoding = 4; lastKnownFileType = sourcecode.c.h; path = ASIFormDataRequest.h; sourceTree = "<group>"; };
		3B1FEECD11629A03000BE79F /* ASIFormDataRequest.m */ = {isa = PBXFileReference; fileEncoding = 4; lastKnownFileType = sourcecode.c.objc; path = ASIFormDataRequest.m; sourceTree = "<group>"; };
		3B1FEECE11629A03000BE79F /* ASIHTTPRequest.h */ = {isa = PBXFileReference; fileEncoding = 4; lastKnownFileType = sourcecode.c.h; path = ASIHTTPRequest.h; sourceTree = "<group>"; };
		3B1FEECF11629A03000BE79F /* ASIHTTPRequest.m */ = {isa = PBXFileReference; fileEncoding = 4; lastKnownFileType = sourcecode.c.objc; path = ASIHTTPRequest.m; sourceTree = "<group>"; };
		3B1FEED011629A03000BE79F /* ASIHTTPRequestConfig.h */ = {isa = PBXFileReference; fileEncoding = 4; lastKnownFileType = sourcecode.c.h; path = ASIHTTPRequestConfig.h; sourceTree = "<group>"; };
		3B1FEED111629A03000BE79F /* ASIInputStream.h */ = {isa = PBXFileReference; fileEncoding = 4; lastKnownFileType = sourcecode.c.h; path = ASIInputStream.h; sourceTree = "<group>"; };
		3B1FEED211629A03000BE79F /* ASIInputStream.m */ = {isa = PBXFileReference; fileEncoding = 4; lastKnownFileType = sourcecode.c.objc; path = ASIInputStream.m; sourceTree = "<group>"; };
		3B1FEED311629A03000BE79F /* ASINetworkQueue.h */ = {isa = PBXFileReference; fileEncoding = 4; lastKnownFileType = sourcecode.c.h; path = ASINetworkQueue.h; sourceTree = "<group>"; };
		3B1FEED411629A03000BE79F /* ASINetworkQueue.m */ = {isa = PBXFileReference; fileEncoding = 4; lastKnownFileType = sourcecode.c.objc; path = ASINetworkQueue.m; sourceTree = "<group>"; };
		3B1FEED511629A03000BE79F /* ASINSStringAdditions.h */ = {isa = PBXFileReference; fileEncoding = 4; lastKnownFileType = sourcecode.c.h; path = ASINSStringAdditions.h; sourceTree = "<group>"; };
		3B1FEED611629A03000BE79F /* ASINSStringAdditions.m */ = {isa = PBXFileReference; fileEncoding = 4; lastKnownFileType = sourcecode.c.objc; path = ASINSStringAdditions.m; sourceTree = "<group>"; };
		3B1FEEE211629AB3000BE79F /* AudioFeedback.h */ = {isa = PBXFileReference; fileEncoding = 4; lastKnownFileType = sourcecode.c.h; path = AudioFeedback.h; sourceTree = "<group>"; };
		3B1FEEE311629AB3000BE79F /* AudioFeedback.m */ = {isa = PBXFileReference; fileEncoding = 4; lastKnownFileType = sourcecode.c.objc; path = AudioFeedback.m; sourceTree = "<group>"; };
		3B1FEEE411629AB3000BE79F /* AudioStreamer.h */ = {isa = PBXFileReference; fileEncoding = 4; lastKnownFileType = sourcecode.c.h; path = AudioStreamer.h; sourceTree = "<group>"; };
		3B1FEEE511629AB3000BE79F /* AudioStreamer.m */ = {isa = PBXFileReference; fileEncoding = 4; lastKnownFileType = sourcecode.c.objc; path = AudioStreamer.m; sourceTree = "<group>"; };
		3B1FEEE611629AB3000BE79F /* Gesture.h */ = {isa = PBXFileReference; fileEncoding = 4; lastKnownFileType = sourcecode.c.h; path = Gesture.h; sourceTree = "<group>"; };
		3B1FEEE711629AB3000BE79F /* Gesture.m */ = {isa = PBXFileReference; fileEncoding = 4; lastKnownFileType = sourcecode.c.objc; path = Gesture.m; sourceTree = "<group>"; };
		3B1FEEE811629AB3000BE79F /* Gestures.h */ = {isa = PBXFileReference; fileEncoding = 4; lastKnownFileType = sourcecode.c.h; path = Gestures.h; sourceTree = "<group>"; };
		3B1FEEE911629AB3000BE79F /* Gestures.m */ = {isa = PBXFileReference; fileEncoding = 4; lastKnownFileType = sourcecode.c.objc; path = Gestures.m; sourceTree = "<group>"; };
		3B1FEEEA11629AB3000BE79F /* HCIPlayerAppDelegate.h */ = {isa = PBXFileReference; fileEncoding = 4; lastKnownFileType = sourcecode.c.h; path = HCIPlayerAppDelegate.h; sourceTree = "<group>"; };
		3B1FEEEB11629AB3000BE79F /* HCIPlayerAppDelegate.m */ = {isa = PBXFileReference; fileEncoding = 4; lastKnownFileType = sourcecode.c.objc; path = HCIPlayerAppDelegate.m; sourceTree = "<group>"; };
		3B1FEEEC11629AB3000BE79F /* main.m */ = {isa = PBXFileReference; fileEncoding = 4; lastKnownFileType = sourcecode.c.objc; path = main.m; sourceTree = "<group>"; };
		3B1FEEED11629AB3000BE79F /* MainViewController.h */ = {isa = PBXFileReference; fileEncoding = 4; lastKnownFileType = sourcecode.c.h; path = MainViewController.h; sourceTree = "<group>"; };
		3B1FEEEE11629AB3000BE79F /* MainViewController.m */ = {isa = PBXFileReference; fileEncoding = 4; lastKnownFileType = sourcecode.c.objc; path = MainViewController.m; sourceTree = "<group>"; };
		3B1FEEEF11629AB3000BE79F /* VoiceRecognizer.h */ = {isa = PBXFileReference; fileEncoding = 4; lastKnownFileType = sourcecode.c.h; path = VoiceRecognizer.h; sourceTree = "<group>"; };
		3B1FEEF011629AB3000BE79F /* VoiceRecognizer.m */ = {isa = PBXFileReference; fileEncoding = 4; lastKnownFileType = sourcecode.c.objc; path = VoiceRecognizer.m; sourceTree = "<group>"; };
		3B1FEEFA11629AF9000BE79F /* icon.png */ = {isa = PBXFileReference; lastKnownFileType = image.png; name = icon.png; path = Resources/icon.png; sourceTree = "<group>"; };
		3B1FEEFE11629AF9000BE79F /* Info.plist */ = {isa = PBXFileReference; fileEncoding = 4; lastKnownFileType = text.plist.xml; name = Info.plist; path = Resources/Info.plist; sourceTree = "<group>"; };
		3B36D883115E3D5C0082B361 /* AudioToolbox.framework */ = {isa = PBXFileReference; lastKnownFileType = wrapper.framework; name = AudioToolbox.framework; path = System/Library/Frameworks/AudioToolbox.framework; sourceTree = SDKROOT; };
		3B36DB3E115E4AD70082B361 /* QuartzCore.framework */ = {isa = PBXFileReference; lastKnownFileType = wrapper.framework; name = QuartzCore.framework; path = System/Library/Frameworks/QuartzCore.framework; sourceTree = SDKROOT; };
		3B36DB42115E4AE80082B361 /* CFNetwork.framework */ = {isa = PBXFileReference; lastKnownFileType = wrapper.framework; name = CFNetwork.framework; path = System/Library/Frameworks/CFNetwork.framework; sourceTree = SDKROOT; };
		3B4904D811635091002EAC6C /* AudioController.h */ = {isa = PBXFileReference; fileEncoding = 4; lastKnownFileType = sourcecode.c.h; path = AudioController.h; sourceTree = "<group>"; };
		3B4904D911635091002EAC6C /* AudioController.m */ = {isa = PBXFileReference; fileEncoding = 4; lastKnownFileType = sourcecode.c.objc; path = AudioController.m; sourceTree = "<group>"; };
		3B56EA6F1165A61000EDBC51 /* MainView.xib */ = {isa = PBXFileReference; lastKnownFileType = file.xib; path = MainView.xib; sourceTree = "<group>"; };
		3B56EAAC1165AE1800EDBC51 /* MainViewController.xib */ = {isa = PBXFileReference; lastKnownFileType = file.xib; path = MainViewController.xib; sourceTree = "<group>"; };
		3B72D9421164FFF400EC81C5 /* Celestial.framework */ = {isa = PBXFileReference; lastKnownFileType = wrapper.framework; name = Celestial.framework; path = System/Library/PrivateFrameworks/Celestial.framework; sourceTree = SDKROOT; };
		3B72DAF811651CE900EC81C5 /* CoreTelephony.framework */ = {isa = PBXFileReference; lastKnownFileType = wrapper.framework; name = CoreTelephony.framework; path = System/Library/PrivateFrameworks/CoreTelephony.framework; sourceTree = SDKROOT; };
		3BAC9E59115B1D84007B37DD /* MediaPlayer.framework */ = {isa = PBXFileReference; lastKnownFileType = wrapper.framework; name = MediaPlayer.framework; path = System/Library/Frameworks/MediaPlayer.framework; sourceTree = SDKROOT; };
		3BF73ED3116397DF00DE2BC5 /* Reachability.h */ = {isa = PBXFileReference; fileEncoding = 4; lastKnownFileType = sourcecode.c.h; path = Reachability.h; sourceTree = "<group>"; };
		3BF73ED4116397DF00DE2BC5 /* Reachability.m */ = {isa = PBXFileReference; fileEncoding = 4; lastKnownFileType = sourcecode.c.objc; path = Reachability.m; sourceTree = "<group>"; };
		3BF73EF2116397DF00DE2BC5 /* Images */ = {isa = PBXFileReference; lastKnownFileType = folder; name = Images; path = Resources/Images; sourceTree = "<group>"; };
		3BF73EF8116397DF00DE2BC5 /* Speech */ = {isa = PBXFileReference; lastKnownFileType = folder; name = Speech; path = Resources/Speech; sourceTree = "<group>"; };
		3BFDDA231163FDC100BFF4D0 /* Settings.bundle */ = {isa = PBXFileReference; lastKnownFileType = "wrapper.plug-in"; name = Settings.bundle; path = Resources/Settings.bundle; sourceTree = "<group>"; };
/* End PBXFileReference section */

/* Begin PBXFrameworksBuildPhase section */
		1D60588F0D05DD3D006BFB54 /* Frameworks */ = {
			isa = PBXFrameworksBuildPhase;
			buildActionMask = 2147483647;
			files = (
				1D60589F0D05DD5A006BFB54 /* Foundation.framework in Frameworks */,
				1DF5F4E00D08C38300B7A737 /* UIKit.framework in Frameworks */,
				288765FD0DF74451002DB57D /* CoreGraphics.framework in Frameworks */,
				3BAC9E5A115B1D84007B37DD /* MediaPlayer.framework in Frameworks */,
				3B36D884115E3D5C0082B361 /* AudioToolbox.framework in Frameworks */,
				3B36DB3F115E4AD70082B361 /* QuartzCore.framework in Frameworks */,
				3B36DB43115E4AE80082B361 /* CFNetwork.framework in Frameworks */,
				3B025938115F9EF7003382D1 /* CoreAudio.framework in Frameworks */,
				3B02593D115F9F19003382D1 /* AVFoundation.framework in Frameworks */,
				3B025AA0115FB553003382D1 /* MobileCoreServices.framework in Frameworks */,
				3B025AA4115FB562003382D1 /* CFNetwork.framework in Frameworks */,
				3B025ABB115FB60C003382D1 /* SystemConfiguration.framework in Frameworks */,
				3B025ABD115FB61C003382D1 /* libz.dylib in Frameworks */,
				3B72D9431164FFF400EC81C5 /* Celestial.framework in Frameworks */,
				3B72DAF911651CE900EC81C5 /* CoreTelephony.framework in Frameworks */,
			);
			runOnlyForDeploymentPostprocessing = 0;
		};
/* End PBXFrameworksBuildPhase section */

/* Begin PBXGroup section */
		19C28FACFE9D520D11CA2CBB /* Products */ = {
			isa = PBXGroup;
			children = (
				1D6058910D05DD3D006BFB54 /* HCIPlayer.app */,
			);
			name = Products;
			sourceTree = "<group>";
		};
		29B97314FDCFA39411CA2CEA /* CustomTemplate */ = {
			isa = PBXGroup;
			children = (
				3BF73EE8116397DF00DE2BC5 /* Resources */,
				3B1FEEC611629995000BE79F /* src */,
				29B97323FDCFA39411CA2CEA /* Frameworks */,
				19C28FACFE9D520D11CA2CBB /* Products */,
				3B56EA6F1165A61000EDBC51 /* MainView.xib */,
				3B56EAAC1165AE1800EDBC51 /* MainViewController.xib */,
			);
			name = CustomTemplate;
			sourceTree = "<group>";
		};
		29B97323FDCFA39411CA2CEA /* Frameworks */ = {
			isa = PBXGroup;
			children = (
				3B72DAF811651CE900EC81C5 /* CoreTelephony.framework */,
				3B72D9421164FFF400EC81C5 /* Celestial.framework */,
				3B025ABC115FB61C003382D1 /* libz.dylib */,
				3B025ABA115FB60C003382D1 /* SystemConfiguration.framework */,
				3B025AA3115FB562003382D1 /* CFNetwork.framework */,
				3B025A9F115FB553003382D1 /* MobileCoreServices.framework */,
				3B02593C115F9F19003382D1 /* AVFoundation.framework */,
				3B025937115F9EF7003382D1 /* CoreAudio.framework */,
				3B36DB42115E4AE80082B361 /* CFNetwork.framework */,
				3B36DB3E115E4AD70082B361 /* QuartzCore.framework */,
				3B36D883115E3D5C0082B361 /* AudioToolbox.framework */,
				3BAC9E59115B1D84007B37DD /* MediaPlayer.framework */,
				1DF5F4DF0D08C38300B7A737 /* UIKit.framework */,
				1D30AB110D05D00D00671497 /* Foundation.framework */,
				288765FC0DF74451002DB57D /* CoreGraphics.framework */,
			);
			name = Frameworks;
			sourceTree = SDKROOT;
		};
		3B1FEEC611629995000BE79F /* src */ = {
			isa = PBXGroup;
			children = (
				3BF73ED2116397DF00DE2BC5 /* Reachability */,
				3B1FEEE111629AB3000BE79F /* HCIPlayer */,
				3B1FEEC911629A03000BE79F /* ASIHTTPRequest */,
			);
			path = src;
			sourceTree = "<group>";
		};
		3B1FEEC911629A03000BE79F /* ASIHTTPRequest */ = {
			isa = PBXGroup;
			children = (
				3B1FEECA11629A03000BE79F /* ASIAuthenticationDialog.h */,
				3B1FEECB11629A03000BE79F /* ASIAuthenticationDialog.m */,
				3B1FEECC11629A03000BE79F /* ASIFormDataRequest.h */,
				3B1FEECD11629A03000BE79F /* ASIFormDataRequest.m */,
				3B1FEECE11629A03000BE79F /* ASIHTTPRequest.h */,
				3B1FEECF11629A03000BE79F /* ASIHTTPRequest.m */,
				3B1FEED011629A03000BE79F /* ASIHTTPRequestConfig.h */,
				3B1FEED111629A03000BE79F /* ASIInputStream.h */,
				3B1FEED211629A03000BE79F /* ASIInputStream.m */,
				3B1FEED311629A03000BE79F /* ASINetworkQueue.h */,
				3B1FEED411629A03000BE79F /* ASINetworkQueue.m */,
				3B1FEED511629A03000BE79F /* ASINSStringAdditions.h */,
				3B1FEED611629A03000BE79F /* ASINSStringAdditions.m */,
			);
			path = ASIHTTPRequest;
			sourceTree = "<group>";
		};
		3B1FEEE111629AB3000BE79F /* HCIPlayer */ = {
			isa = PBXGroup;
			children = (
				3B1FEEE211629AB3000BE79F /* AudioFeedback.h */,
				3B1FEEE311629AB3000BE79F /* AudioFeedback.m */,
				3B1FEEE411629AB3000BE79F /* AudioStreamer.h */,
				3B1FEEE511629AB3000BE79F /* AudioStreamer.m */,
				3B1FEEE611629AB3000BE79F /* Gesture.h */,
				3B1FEEE711629AB3000BE79F /* Gesture.m */,
				3B1FEEE811629AB3000BE79F /* Gestures.h */,
				3B1FEEE911629AB3000BE79F /* Gestures.m */,
				3B1FEEEA11629AB3000BE79F /* HCIPlayerAppDelegate.h */,
				3B1FEEEB11629AB3000BE79F /* HCIPlayerAppDelegate.m */,
				3B1FEEEC11629AB3000BE79F /* main.m */,
				3B1FEEED11629AB3000BE79F /* MainViewController.h */,
				3B1FEEEE11629AB3000BE79F /* MainViewController.m */,
				3B1FEEEF11629AB3000BE79F /* VoiceRecognizer.h */,
				3B1FEEF011629AB3000BE79F /* VoiceRecognizer.m */,
				3B4904D811635091002EAC6C /* AudioController.h */,
				3B4904D911635091002EAC6C /* AudioController.m */,
			);
			path = HCIPlayer;
			sourceTree = "<group>";
		};
		3BF73ED2116397DF00DE2BC5 /* Reachability */ = {
			isa = PBXGroup;
			children = (
				3BF73ED3116397DF00DE2BC5 /* Reachability.h */,
				3BF73ED4116397DF00DE2BC5 /* Reachability.m */,
			);
			path = Reachability;
			sourceTree = "<group>";
		};
		3BF73EE8116397DF00DE2BC5 /* Resources */ = {
			isa = PBXGroup;
			children = (
				3BF73EF8116397DF00DE2BC5 /* Speech */,
				3BF73EF2116397DF00DE2BC5 /* Images */,
				3B1FEEFA11629AF9000BE79F /* icon.png */,
				3B1FEEFE11629AF9000BE79F /* Info.plist */,
				3BFDDA231163FDC100BFF4D0 /* Settings.bundle */,
			);
			name = Resources;
			sourceTree = "<group>";
		};
/* End PBXGroup section */

/* Begin PBXNativeTarget section */
		1D6058900D05DD3D006BFB54 /* HCIPlayer */ = {
			isa = PBXNativeTarget;
			buildConfigurationList = 1D6058960D05DD3E006BFB54 /* Build configuration list for PBXNativeTarget "HCIPlayer" */;
			buildPhases = (
				1D60588D0D05DD3D006BFB54 /* Resources */,
				3BF73EFF116397DF00DE2BC5 /* ShellScript */,
				1D60588E0D05DD3D006BFB54 /* Sources */,
				1D60588F0D05DD3D006BFB54 /* Frameworks */,
				3B49022D1162EF79002EAC6C /* ShellScript */,
			);
			buildRules = (
			);
			dependencies = (
			);
			name = HCIPlayer;
			productName = HCIPlayer;
			productReference = 1D6058910D05DD3D006BFB54 /* HCIPlayer.app */;
			productType = "com.apple.product-type.application";
		};
/* End PBXNativeTarget section */

/* Begin PBXProject section */
		29B97313FDCFA39411CA2CEA /* Project object */ = {
			isa = PBXProject;
			buildConfigurationList = C01FCF4E08A954540054247B /* Build configuration list for PBXProject "HCIPlayer" */;
			compatibilityVersion = "Xcode 3.1";
			hasScannedForEncodings = 1;
			mainGroup = 29B97314FDCFA39411CA2CEA /* CustomTemplate */;
			projectDirPath = "";
			projectRoot = "";
			targets = (
				1D6058900D05DD3D006BFB54 /* HCIPlayer */,
			);
		};
/* End PBXProject section */

/* Begin PBXResourcesBuildPhase section */
		1D60588D0D05DD3D006BFB54 /* Resources */ = {
			isa = PBXResourcesBuildPhase;
			buildActionMask = 2147483647;
			files = (
				3B1FEEFF11629AF9000BE79F /* icon.png in Resources */,
				3BF73EF7116397DF00DE2BC5 /* Images in Resources */,
				3BF73EFA116397DF00DE2BC5 /* Speech in Resources */,
				3BFDDA241163FDC100BFF4D0 /* Settings.bundle in Resources */,
				3B56EA701165A61000EDBC51 /* MainView.xib in Resources */,
				3B56EAAD1165AE1800EDBC51 /* MainViewController.xib in Resources */,
			);
			runOnlyForDeploymentPostprocessing = 0;
		};
/* End PBXResourcesBuildPhase section */

/* Begin PBXShellScriptBuildPhase section */
		3B49022D1162EF79002EAC6C /* ShellScript */ = {
			isa = PBXShellScriptBuildPhase;
			buildActionMask = 12;
			files = (
			);
			inputPaths = (
			);
			outputPaths = (
			);
			runOnlyForDeploymentPostprocessing = 0;
			shellPath = /bin/sh;
			shellScript = "export CODESIGN_ALLOCATE=/Developer/Platforms/iPhoneOS.platform/Developer/usr/bin/codesign_allocate\nexport CODESIGN_ALLOCATE=/Developer/Platforms/iPhoneOS.platform/Developer/usr/bin/codesign_allocate\nif [ \"${PLATFORM_NAME}\" == \"iphoneos\" ]; then\n/Developer/iphoneentitlements312/gen_entitlements.py \"my.company.${PROJECT_NAME}\" \"${BUILT_PRODUCTS_DIR}/${WRAPPER_NAME}/${PROJECT_NAME}.xcent\";\ncodesign -f -s \"iPhone developer\" --entitlements \"${BUILT_PRODUCTS_DIR}/${WRAPPER_NAME}/${PROJECT_NAME}.xcent\" \"${BUILT_PRODUCTS_DIR}/${WRAPPER_NAME}/${PROJECT_NAME}\"\nfi";
		};
		3BF73EFF116397DF00DE2BC5 /* ShellScript */ = {
			isa = PBXShellScriptBuildPhase;
			buildActionMask = 2147483647;
			files = (
			);
			inputPaths = (
			);
			outputPaths = (
			);
			runOnlyForDeploymentPostprocessing = 0;
			shellPath = /bin/sh;
			shellScript = "touch -cm ${SRCROOT}/Resources/Speech\ntouch -cm ${SRCROOT}/Resources/Images";
		};
/* End PBXShellScriptBuildPhase section */

/* Begin PBXSourcesBuildPhase section */
		1D60588E0D05DD3D006BFB54 /* Sources */ = {
			isa = PBXSourcesBuildPhase;
			buildActionMask = 2147483647;
			files = (
				3B1FEED711629A03000BE79F /* ASIAuthenticationDialog.m in Sources */,
				3B1FEED811629A03000BE79F /* ASIFormDataRequest.m in Sources */,
				3B1FEED911629A03000BE79F /* ASIHTTPRequest.m in Sources */,
				3B1FEEDA11629A03000BE79F /* ASIInputStream.m in Sources */,
				3B1FEEDB11629A03000BE79F /* ASINetworkQueue.m in Sources */,
				3B1FEEDC11629A03000BE79F /* ASINSStringAdditions.m in Sources */,
				3B1FEEF111629AB3000BE79F /* AudioFeedback.m in Sources */,
				3B1FEEF211629AB3000BE79F /* AudioStreamer.m in Sources */,
				3B1FEEF311629AB3000BE79F /* Gesture.m in Sources */,
				3B1FEEF411629AB3000BE79F /* Gestures.m in Sources */,
				3B1FEEF511629AB3000BE79F /* HCIPlayerAppDelegate.m in Sources */,
				3B1FEEF611629AB3000BE79F /* main.m in Sources */,
				3B1FEEF711629AB3000BE79F /* MainViewController.m in Sources */,
				3B1FEEF811629AB3000BE79F /* VoiceRecognizer.m in Sources */,
				3B4904DA11635091002EAC6C /* AudioController.m in Sources */,
				3BF73ED5116397DF00DE2BC5 /* Reachability.m in Sources */,
			);
			runOnlyForDeploymentPostprocessing = 0;
		};
/* End PBXSourcesBuildPhase section */

/* Begin XCBuildConfiguration section */
		1D6058940D05DD3E006BFB54 /* Debug */ = {
			isa = XCBuildConfiguration;
			buildSettings = {
				ALWAYS_SEARCH_USER_PATHS = NO;
				COPY_PHASE_STRIP = NO;
				FRAMEWORK_SEARCH_PATHS = (
					"$(inherited)",
					"\"$(SDKROOT)$(SYSTEM_LIBRARY_DIR)/PrivateFrameworks\"",
				);
				GCC_DYNAMIC_NO_PIC = NO;
				GCC_OPTIMIZATION_LEVEL = 0;
				GCC_PRECOMPILE_PREFIX_HEADER = NO;
				GCC_PREFIX_HEADER = "";
				INFOPLIST_FILE = Resources/Info.plist;
				LIBRARY_SEARCH_PATHS = (
					"$(inherited)",
					"\"$(SDKROOT)$(SYSTEM_LIBRARY_DIR)/Frameworks/MediaPlayer.framework\"",
					"\"$(SDKROOT)$(SYSTEM_LIBRARY_DIR)/PrivateFrameworks/CoreTelephony.framework\"",
				);
				PRODUCT_NAME = HCIPlayer;
			};
			name = Debug;
		};
		1D6058950D05DD3E006BFB54 /* Release */ = {
			isa = XCBuildConfiguration;
			buildSettings = {
				ALWAYS_SEARCH_USER_PATHS = NO;
				COPY_PHASE_STRIP = YES;
				FRAMEWORK_SEARCH_PATHS = (
					"$(inherited)",
					"\"$(SDKROOT)$(SYSTEM_LIBRARY_DIR)/PrivateFrameworks\"",
				);
				GCC_PRECOMPILE_PREFIX_HEADER = NO;
				GCC_PREFIX_HEADER = "";
				INFOPLIST_FILE = Resources/Info.plist;
				LIBRARY_SEARCH_PATHS = (
					"$(inherited)",
					"\"$(SDKROOT)$(SYSTEM_LIBRARY_DIR)/Frameworks/MediaPlayer.framework\"",
					"\"$(SDKROOT)$(SYSTEM_LIBRARY_DIR)/PrivateFrameworks/CoreTelephony.framework\"",
				);
				PRODUCT_NAME = HCIPlayer;
			};
			name = Release;
		};
		C01FCF4F08A954540054247B /* Debug */ = {
			isa = XCBuildConfiguration;
			buildSettings = {
				ARCHS = "$(ARCHS_STANDARD_32_BIT)";
				CODE_SIGN_IDENTITY = "Don't Code Sign";
				"CODE_SIGN_IDENTITY[sdk=iphoneos*]" = "Don't Code Sign";
				GCC_C_LANGUAGE_STANDARD = c99;
				GCC_PREPROCESSOR_DEFINITIONS = TARGET_OS_IPHONE;
				GCC_WARN_ABOUT_RETURN_TYPE = YES;
				GCC_WARN_UNUSED_VARIABLE = YES;
				INFOPLIST_FILE = data/Info.plist;
				PREBINDING = NO;
				PRODUCT_NAME = HCIPlayer;
				"PROVISIONING_PROFILE[sdk=iphoneos*]" = "";
				SDKROOT = iphoneos3.1.2;
			};
			name = Debug;
		};
		C01FCF5008A954540054247B /* Release */ = {
			isa = XCBuildConfiguration;
			buildSettings = {
				ARCHS = "$(ARCHS_STANDARD_32_BIT)";
				CODE_SIGN_IDENTITY = "Don't Code Sign";
				"CODE_SIGN_IDENTITY[sdk=iphoneos*]" = "Don't Code Sign";
				GCC_C_LANGUAGE_STANDARD = c99;
				GCC_PREPROCESSOR_DEFINITIONS = TARGET_OS_IPHONE;
				GCC_WARN_ABOUT_RETURN_TYPE = YES;
				GCC_WARN_UNUSED_VARIABLE = YES;
				INFOPLIST_FILE = data/Info.plist;
				PREBINDING = NO;
				PRODUCT_NAME = HCIPlayer;
				"PROVISIONING_PROFILE[sdk=iphoneos*]" = "";
				SDKROOT = iphoneos3.1.2;
			};
			name = Release;
		};
/* End XCBuildConfiguration section */

/* Begin XCConfigurationList section */
		1D6058960D05DD3E006BFB54 /* Build configuration list for PBXNativeTarget "HCIPlayer" */ = {
			isa = XCConfigurationList;
			buildConfigurations = (
				1D6058940D05DD3E006BFB54 /* Debug */,
				1D6058950D05DD3E006BFB54 /* Release */,
			);
			defaultConfigurationIsVisible = 0;
			defaultConfigurationName = Release;
		};
		C01FCF4E08A954540054247B /* Build configuration list for PBXProject "HCIPlayer" */ = {
			isa = XCConfigurationList;
			buildConfigurations = (
				C01FCF4F08A954540054247B /* Debug */,
				C01FCF5008A954540054247B /* Release */,
			);
			defaultConfigurationIsVisible = 0;
			defaultConfigurationName = Release;
		};
/* End XCConfigurationList section */
	};
	rootObject = 29B97313FDCFA39411CA2CEA /* Project object */;
}
